
Microsoft Visual Studio Solution File, Format Version 12.00
# Visual Studio Version 17
VisualStudioVersion = 17.10.35027.167
MinimumVisualStudioVersion = 10.0.40219.1
Project("{9A19103F-16F7-4668-BE54-9A1E7A4F7556}") = "Server", "Server\Server.csproj", "{923E30B5-63D5-4C94-8A1E-6AC7832FFF1E}"
EndProject
Project("{9A19103F-16F7-4668-BE54-9A1E7A4F7556}") = "ServerCore", "ServerCore\ServerCore.csproj", "{03900198-7596-4BA5-B17B-4B3BA791BFCF}"
EndProject
Project("{9A19103F-16F7-4668-BE54-9A1E7A4F7556}") = "DummyClient", "DummyClient\DummyClient.csproj", "{E8E1BB94-8317-40C8-A434-C72D924A2406}"
EndProject
Project("{9A19103F-16F7-4668-BE54-9A1E7A4F7556}") = "PacketGenerator", "PacketGenerator\PacketGenerator.csproj", "{C90A4BCD-59FA-4333-914C-3EF94904EB16}"
EndProject
Project("{2150E333-8FDC-42A3-9474-1A3956D46DE8}") = "Tools", "Tools", "{52CAF08D-2A96-417D-A6D6-1DAF6CA67BD7}"
EndProject
Global
	GlobalSection(SolutionConfigurationPlatforms) = preSolution
		Debug|Any CPU = Debug|Any CPU
		Release|Any CPU = Release|Any CPU
	EndGlobalSection
	GlobalSection(ProjectConfigurationPlatforms) = postSolution
		{923E30B5-63D5-4C94-8A1E-6AC7832FFF1E}.Debug|Any CPU.ActiveCfg = Debug|Any CPU
		{923E30B5-63D5-4C94-8A1E-6AC7832FFF1E}.Debug|Any CPU.Build.0 = Debug|Any CPU
		{923E30B5-63D5-4C94-8A1E-6AC7832FFF1E}.Release|Any CPU.ActiveCfg = Release|Any CPU
		{923E30B5-63D5-4C94-8A1E-6AC7832FFF1E}.Release|Any CPU.Build.0 = Release|Any CPU
		{03900198-7596-4BA5-B17B-4B3BA791BFCF}.Debug|Any CPU.ActiveCfg = Debug|Any CPU
		{03900198-7596-4BA5-B17B-4B3BA791BFCF}.Debug|Any CPU.Build.0 = Debug|Any CPU
		{03900198-7596-4BA5-B17B-4B3BA791BFCF}.Release|Any CPU.ActiveCfg = Release|Any CPU
		{03900198-7596-4BA5-B17B-4B3BA791BFCF}.Release|Any CPU.Build.0 = Release|Any CPU
		{E8E1BB94-8317-40C8-A434-C72D924A2406}.Debug|Any CPU.ActiveCfg = Debug|Any CPU
		{E8E1BB94-8317-40C8-A434-C72D924A2406}.Debug|Any CPU.Build.0 = Debug|Any CPU
		{E8E1BB94-8317-40C8-A434-C72D924A2406}.Release|Any CPU.ActiveCfg = Release|Any CPU
		{E8E1BB94-8317-40C8-A434-C72D924A2406}.Release|Any CPU.Build.0 = Release|Any CPU
		{C90A4BCD-59FA-4333-914C-3EF94904EB16}.Debug|Any CPU.ActiveCfg = Debug|Any CPU
		{C90A4BCD-59FA-4333-914C-3EF94904EB16}.Debug|Any CPU.Build.0 = Debug|Any CPU
		{C90A4BCD-59FA-4333-914C-3EF94904EB16}.Release|Any CPU.ActiveCfg = Debug|Any CPU
		{C90A4BCD-59FA-4333-914C-3EF94904EB16}.Release|Any CPU.Build.0 = Debug|Any CPU
	EndGlobalSection
	GlobalSection(SolutionProperties) = preSolution
		HideSolutionNode = FALSE
	EndGlobalSection
	GlobalSection(NestedProjects) = preSolution
		{C90A4BCD-59FA-4333-914C-3EF94904EB16} = {52CAF08D-2A96-417D-A6D6-1DAF6CA67BD7}
	EndGlobalSection
	GlobalSection(ExtensibilityGlobals) = postSolution
		SolutionGuid = {26DDBFA9-C1E4-4969-8528-93B6D712DD3E}
	EndGlobalSection
EndGlobal
